
Microsoft Visual Studio Solution File, Format Version 12.00
# Visual Studio 2012
Project("{2150E333-8FDC-42A3-9474-1A3956D46DE8}") = "03 - UI", "03 - UI", "{4DA97498-C71D-41DB-826C-5BD4DE337744}"
EndProject
Project("{2150E333-8FDC-42A3-9474-1A3956D46DE8}") = "05 - Components - Project Management", "05 - Components - Project Management", "{CE62E177-0159-418B-A036-1DB12820AA5A}"
EndProject
Project("{2150E333-8FDC-42A3-9474-1A3956D46DE8}") = "06 - Components - Framework", "06 - Components - Framework", "{56D03541-1996-416E-BD05-F316669473DC}"
EndProject
Project("{2150E333-8FDC-42A3-9474-1A3956D46DE8}") = "06 - Components - Library", "06 - Components - Library", "{67AACDFD-F030-4202-A7E0-52A916AE2857}"
EndProject
Project("{2150E333-8FDC-42A3-9474-1A3956D46DE8}") = "10 - Unit Test", "10 - Unit Test", "{2B466D5E-70A6-4174-9C68-500F774E3D40}"
EndProject
Project("{FAE04EC0-301F-11D3-BF4B-00C04F79EFBC}") = "TaskTimeTracker.UI.Web", "Web\TaskTimeTracker.UI.Web.csproj", "{EB247A14-FD07-4BDC-B852-3416E1A846CA}"
EndProject
Project("{FAE04EC0-301F-11D3-BF4B-00C04F79EFBC}") = "Shared.UI.WebBranding", "WebBranding\Shared.UI.WebBranding.csproj", "{3ED85F36-C8E0-4873-9759-003D0961C31E}"
EndProject
Project("{FAE04EC0-301F-11D3-BF4B-00C04F79EFBC}") = "Shared.UI.WebFramework", "WebFramework\Shared.UI.WebFramework.csproj", "{E74520E7-5097-4D37-BDEC-056DD138AB4E}"
EndProject
Project("{FAE04EC0-301F-11D3-BF4B-00C04F79EFBC}") = "TaskTimeTracker.Components.BusinessLayer", "..\..\Components\TaskTimeTracker\BusinessLayer\TaskTimeTracker.Components.BusinessLayer.csproj", "{CBB22F91-6F8A-4409-A7AE-A5904FE45DC6}"
EndProject
Project("{FAE04EC0-301F-11D3-BF4B-00C04F79EFBC}") = "TaskTimeTracker.Components.Module.Competency", "..\..\Components\TaskTimeTracker\Module.Competency\TaskTimeTracker.Components.Module.Competency.csproj", "{F3DD4DA4-5F72-43B2-999F-551B331BEFA9}"
EndProject
Project("{FAE04EC0-301F-11D3-BF4B-00C04F79EFBC}") = "TaskTimeTracker.Components.Module.Priority", "..\..\Components\TaskTimeTracker\Module.Priority\TaskTimeTracker.Components.Module.Priority.csproj", "{41D01BFC-8D49-4BFA-827D-47BAAAA02C8D}"
EndProject
Project("{FAE04EC0-301F-11D3-BF4B-00C04F79EFBC}") = "TaskTimeTracker.Components.Module.RiskReward", "..\..\Components\TaskTimeTracker\Module.RiskReward\TaskTimeTracker.Components.Module.RiskReward.csproj", "{998C0E5C-1B47-4FE8-8B47-F12DDF6D0EF1}"
EndProject
Project("{FAE04EC0-301F-11D3-BF4B-00C04F79EFBC}") = "TaskTimeTracker.Components.Module.TimeTracking", "..\..\Components\TaskTimeTracker\Module.TimeTracking\TaskTimeTracker.Components.Module.TimeTracking.csproj", "{B19B7914-588F-4498-87AD-8CD16EF5C070}"
EndProject
Project("{FAE04EC0-301F-11D3-BF4B-00C04F79EFBC}") = "Framework.Components.Core", "..\..\Components\Framework\Core\Framework.Components.Core.csproj", "{BEEBDCB2-5929-4C8E-A861-F1A09F2E8FA2}"
EndProject
Project("{FAE04EC0-301F-11D3-BF4B-00C04F79EFBC}") = "Framework.Components.ApplicationUser", "..\..\Components\Framework.ApplicationUser\Core\Framework.Components.ApplicationUser.csproj", "{5EE13FF1-810F-43CA-98BC-AFA880388A43}"
EndProject
Project("{FAE04EC0-301F-11D3-BF4B-00C04F79EFBC}") = "Framework.Components.Audit", "..\..\Components\Framework.Audit\Core\Framework.Components.Audit.csproj", "{0EB669D6-85F0-4D2A-A4BE-CB62DF878791}"
EndProject
Project("{FAE04EC0-301F-11D3-BF4B-00C04F79EFBC}") = "Framework.Components.DataAccess", "..\..\Components\Framework.DataAccess\Core\Framework.Components.DataAccess.csproj", "{3C1BF755-3C2A-4016-ABA7-62F6DEA056F0}"
EndProject
Project("{FAE04EC0-301F-11D3-BF4B-00C04F79EFBC}") = "Framework.Components.EventMonitoring", "..\..\Components\Framework.EventMonitoring\Core\Framework.Components.EventMonitoring.csproj", "{02C3C616-4097-4999-926C-CA99DC6A6FF9}"
EndProject
Project("{FAE04EC0-301F-11D3-BF4B-00C04F79EFBC}") = "Framework.Components.Import", "..\..\Components\Framework.Import\Core\Framework.Components.Import.csproj", "{2CF34984-C086-4EC0-9B8C-0EF24B64A2D2}"
EndProject
Project("{FAE04EC0-301F-11D3-BF4B-00C04F79EFBC}") = "Framework.Components.LogAndTrace", "..\..\Components\Framework.LogAndTrace\Core\Framework.Components.LogAndTrace.csproj", "{3A2F8B5E-E2CD-438D-9572-62E4BB747F42}"
EndProject
Project("{FAE04EC0-301F-11D3-BF4B-00C04F79EFBC}") = "Framework.Components.ReleaseLog", "..\..\Components\Framework.ReleaseLog\Core\Framework.Components.ReleaseLog.csproj", "{DAAAFFE0-C710-49FC-B315-E13089A327B7}"
EndProject
Project("{FAE04EC0-301F-11D3-BF4B-00C04F79EFBC}") = "Framework.Components.TasksAndWorkflow", "..\..\Components\Framework.TasksAndWorkflow\Core\Framework.Components.TasksAndWorkflow.csproj", "{B346117C-6AEF-4574-8B0E-2BDC5C1CE116}"
EndProject
Project("{FAE04EC0-301F-11D3-BF4B-00C04F79EFBC}") = "Library.CommonServices.Utils", "..\..\Components\Library.CommonServices.Utils\Core\Library.CommonServices.Utils.csproj", "{4A94E353-75DD-46CC-B784-C49D42DCA73B}"
EndProject
Project("{FAE04EC0-301F-11D3-BF4B-00C04F79EFBC}") = "TaskTimeTracker.Components.ApplicationDevelopment", "..\..\Components\TaskTimeTracker\Module.ApplicationDevelopment\TaskTimeTracker.Components.ApplicationDevelopment.csproj", "{3A3A5E74-F7DA-405E-9963-45D15D8E54AE}"
EndProject
Project("{FAE04EC0-301F-11D3-BF4B-00C04F79EFBC}") = "TestCaseManagement.Components.DataAccess", "..\..\Components\Test Case Management\Core\TestCaseManagement.Components.DataAccess.csproj", "{60CC596B-2FE1-4353-B198-DB9EC410A7A2}"
EndProject
Project("{2150E333-8FDC-42A3-9474-1A3956D46DE8}") = "05 - Components - TCM", "05 - Components - TCM", "{6DB05F54-52F3-4BB2-84EF-F8A1FDB5D0EB}"
EndProject
Project("{2150E333-8FDC-42A3-9474-1A3956D46DE8}") = "05 - Components - Application Development", "05 - Components - Application Development", "{814F73D8-E7DC-4AD4-910D-DCAD51266B11}"
EndProject
Project("{FAE04EC0-301F-11D3-BF4B-00C04F79EFBC}") = "TaskTimeTracker.Components.Module.RequirementAnalysis", "..\..\Components\TaskTimeTracker\Module.RequirementAnalysis\TaskTimeTracker.Components.Module.RequirementAnalysis.csproj", "{6B8BE1B4-9B95-428A-A1B4-8C60F0C72F10}"
EndProject
Project("{FAE04EC0-301F-11D3-BF4B-00C04F79EFBC}") = "UrlAutoTester", "UrlAutoTester\UrlAutoTester.csproj", "{CB9773DC-212D-4E6F-BF91-48598BFC6DBF}"
EndProject
Project("{FAE04EC0-301F-11D3-BF4B-00C04F79EFBC}") = "Framework.Components.Configuration", "..\..\Components\Framework.Configuration\Core\Framework.Components.Configuration.csproj", "{33362436-0628-4DEC-A423-614E825C9BAD}"
EndProject
Project("{FAE04EC0-301F-11D3-BF4B-00C04F79EFBC}") = "UnitTestCommon", "..\..\Unit Test\UnitTestCommon\UnitTestCommon.csproj", "{97354EFF-B1E2-4B43-B7A6-0F4462FDB5C2}"
EndProject
Project("{FAE04EC0-301F-11D3-BF4B-00C04F79EFBC}") = "Generators.SQL", "..\..\Generators\Generators.SQL\Generators.SQL.csproj", "{B0BEDD22-F96B-41D9-8A3B-68C44FAB906A}"
EndProject
Project("{FAE04EC0-301F-11D3-BF4B-00C04F79EFBC}") = "Generators.Generator", "..\..\Generators\Generators.Generator\Generators.Generator.csproj", "{2590D346-2077-48BA-8AEA-93099A244209}"
EndProject
Project("{2150E333-8FDC-42A3-9474-1A3956D46DE8}") = "00 - Generators", "00 - Generators", "{ED77E619-71FC-4C96-8394-7FEDEFE9248F}"
EndProject
Project("{2150E333-8FDC-42A3-9474-1A3956D46DE8}") = "04 - Models", "04 - Models", "{2350EC3C-B366-4C0F-BCA9-DF9BC44BD571}"
EndProject
Project("{FAE04EC0-301F-11D3-BF4B-00C04F79EFBC}") = "Generator.UI.Winform", "..\Generator\Generator.UI.Winform\Generator.UI.Winform.csproj", "{ACF6E858-E5DB-48DB-96A1-0DAFDA0A3260}"
EndProject
Project("{FAE04EC0-301F-11D3-BF4B-00C04F79EFBC}") = "DataModel.TaskTimeTracker", "..\..\Models\TaskTimeTracker\DataModel.TaskTimeTracker\DataModel.TaskTimeTracker.csproj", "{3CE97E00-470C-43DB-8489-FD89559268C9}"
EndProject
Project("{2150E333-8FDC-42A3-9474-1A3956D46DE8}") = "05 - Components", "05 - Components", "{1EB54F1F-F113-416D-A6BC-12DC039905EB}"
EndProject
Project("{FAE04EC0-301F-11D3-BF4B-00C04F79EFBC}") = "DataModel.Framework.AuthenticationAndAuthorization", "..\..\Models\Framework\ApplicationUser\DataModel.Framework.ApplicationUser\DataModel.Framework.AuthenticationAndAuthorization.csproj", "{F5D7ED71-B73E-4A28-BA89-41F39C4259F4}"
EndProject
Project("{2150E333-8FDC-42A3-9474-1A3956D46DE8}") = "05 - Components - Day Care", "05 - Components - Day Care", "{77F2B417-7D03-4DA8-A010-8430281E29C6}"
EndProject
Project("{FAE04EC0-301F-11D3-BF4B-00C04F79EFBC}") = "DayCare.Components.BusinessLayer", "..\..\Components\Day Care\BusinessLayer\DayCare.Components.BusinessLayer.csproj", "{7E6CA603-37AD-48E7-A01C-B266BAB29BC1}"
EndProject
Project("{FAE04EC0-301F-11D3-BF4B-00C04F79EFBC}") = "DataModel.DayCare", "..\..\Models\Day Care\DataModel.DayCare.csproj", "{19A1EB56-7232-4930-9D62-85C49730FEC6}"
EndProject
Project("{FAE04EC0-301F-11D3-BF4B-00C04F79EFBC}") = "Generators.Components", "..\..\Generators\Generators.Components\Generators.Components.csproj", "{0525B5B3-9F16-4D7D-8078-C5EDA78A80ED}"
EndProject
Project("{FAE04EC0-301F-11D3-BF4B-00C04F79EFBC}") = "DataModel.CapitalMarkets", "..\..\Models\Capital Markets\DataModel.CapitalMarkets.csproj", "{2D1740AE-A004-4BF5-87A5-19BF2C1A0695}"
EndProject
Project("{FAE04EC0-301F-11D3-BF4B-00C04F79EFBC}") = "DataModel.Legal", "..\..\Models\Legal\DataModel.Legal.csproj", "{E043E876-C12C-4D07-B4B4-556ECA577C14}"
EndProject
Project("{FAE04EC0-301F-11D3-BF4B-00C04F79EFBC}") = "Generators.UI", "..\..\Generators\Generators.UI\Generators.UI.csproj", "{DC9CEC64-D542-4BCC-A82F-942C3523F6F8}"
EndProject
Project("{FAE04EC0-301F-11D3-BF4B-00C04F79EFBC}") = "CSVFileImportUtility", "CSVFileImportUtility\CSVFileImportUtility.csproj", "{E57A6E20-EE5C-4DF9-B253-2B0AEF70EBD2}"
EndProject
Project("{FAE04EC0-301F-11D3-BF4B-00C04F79EFBC}") = "DataModel.ReferenceData", "..\..\Models\ReferenceData\DataModel.ReferenceData.csproj", "{6708B269-E948-429A-BCB3-99C46A336986}"
EndProject
Project("{FAE04EC0-301F-11D3-BF4B-00C04F79EFBC}") = "WebAPISample", "WebAPISample\WebAPISample.csproj", "{BAB0EAAD-077C-450A-8638-9262286DD709}"
EndProject
Project("{2150E333-8FDC-42A3-9474-1A3956D46DE8}") = ".nuget", ".nuget", "{99AD6BF7-0703-41DB-B935-9F105599E1C1}"
	ProjectSection(SolutionItems) = preProject
		.nuget\packages.config = .nuget\packages.config
	EndProjectSection
EndProject
Project("{FAE04EC0-301F-11D3-BF4B-00C04F79EFBC}") = "DataModel.ReferenceData", "..\..\Models\Reference Data\DataModel.ReferenceData.csproj", "{2145348C-53BC-45E3-AD5F-F685E5F70101}"
EndProject
Global
	GlobalSection(SourceCodeControl) = preSolution
		SccNumberOfProjects = 40
		SccProjectName0 = SurroundSCMScci
		SccLocalPath0 = .
		SccProvider0 = MSSCCI:Surround\u0020SCM
		SccProjectUniqueName1 = ..\\..\\Components\\TaskTimeTracker\\BusinessLayer\\TaskTimeTracker.Components.BusinessLayer.csproj
		SccProjectTopLevelParentUniqueName1 = TaskTimeTracker.UI.Web.sln
		SccLocalPath1 = ..\\..\\Components\\TaskTimeTracker
		SccProjectFilePathRelativizedFromConnection1 = BusinessLayer\\
		SccProjectUniqueName2 = ..\\..\\Components\\TaskTimeTracker\\Module.Competency\\TaskTimeTracker.Components.Module.Competency.csproj
		SccProjectTopLevelParentUniqueName2 = TaskTimeTracker.UI.Web.sln
		SccLocalPath2 = ..\\..\\Components\\TaskTimeTracker
		SccProjectFilePathRelativizedFromConnection2 = Module.Competency\\
		SccProjectUniqueName3 = ..\\..\\Components\\TaskTimeTracker\\Module.Priority\\TaskTimeTracker.Components.Module.Priority.csproj
		SccProjectTopLevelParentUniqueName3 = TaskTimeTracker.UI.Web.sln
		SccLocalPath3 = ..\\..\\Components\\TaskTimeTracker
		SccProjectFilePathRelativizedFromConnection3 = Module.Priority\\
		SccProjectUniqueName4 = ..\\..\\Components\\TaskTimeTracker\\Module.RiskReward\\TaskTimeTracker.Components.Module.RiskReward.csproj
		SccProjectTopLevelParentUniqueName4 = TaskTimeTracker.UI.Web.sln
		SccLocalPath4 = ..\\..\\Components\\TaskTimeTracker
		SccProjectFilePathRelativizedFromConnection4 = Module.RiskReward\\
		SccProjectUniqueName5 = ..\\..\\Components\\TaskTimeTracker\\Module.TimeTracking\\TaskTimeTracker.Components.Module.TimeTracking.csproj
		SccProjectTopLevelParentUniqueName5 = TaskTimeTracker.UI.Web.sln
		SccLocalPath5 = ..\\..\\Components\\TaskTimeTracker
		SccProjectFilePathRelativizedFromConnection5 = Module.TimeTracking\\
		SccProjectUniqueName6 = ..\\..\\Components\\Framework\\Core\\Framework.Components.Core.csproj
		SccProjectTopLevelParentUniqueName6 = TaskTimeTracker.UI.Web.sln
		SccLocalPath6 = ..\\..\\Components\\Framework
		SccProjectFilePathRelativizedFromConnection6 = Core\\
		SccProjectUniqueName7 = ..\\..\\Components\\Framework.ApplicationUser\\Core\\Framework.Components.ApplicationUser.csproj
		SccProjectTopLevelParentUniqueName7 = TaskTimeTracker.UI.Web.sln
		SccLocalPath7 = ..\\..\\Components\\Framework.ApplicationUser
		SccProjectFilePathRelativizedFromConnection7 = Core\\
		SccProjectUniqueName8 = ..\\..\\Components\\Framework.Audit\\Core\\Framework.Components.Audit.csproj
		SccProjectTopLevelParentUniqueName8 = TaskTimeTracker.UI.Web.sln
		SccLocalPath8 = ..\\..\\Components\\Framework.Audit
		SccProjectFilePathRelativizedFromConnection8 = Core\\
		SccProjectUniqueName9 = ..\\..\\Components\\Framework.DataAccess\\Core\\Framework.Components.DataAccess.csproj
		SccProjectTopLevelParentUniqueName9 = TaskTimeTracker.UI.Web.sln
		SccLocalPath9 = ..\\..\\Components\\Framework.DataAccess
		SccProjectFilePathRelativizedFromConnection9 = Core\\
		SccProjectUniqueName10 = ..\\..\\Components\\Framework.EventMonitoring\\Core\\Framework.Components.EventMonitoring.csproj
		SccProjectTopLevelParentUniqueName10 = TaskTimeTracker.UI.Web.sln
		SccLocalPath10 = ..\\..\\Components\\Framework.EventMonitoring
		SccProjectFilePathRelativizedFromConnection10 = Core\\
		SccProjectUniqueName11 = ..\\..\\Components\\Framework.Import\\Core\\Framework.Components.Import.csproj
		SccProjectTopLevelParentUniqueName11 = TaskTimeTracker.UI.Web.sln
		SccLocalPath11 = ..\\..\\Components\\Framework.Import
		SccProjectFilePathRelativizedFromConnection11 = Core\\
		SccProjectUniqueName12 = ..\\..\\Components\\Framework.LogAndTrace\\Core\\Framework.Components.LogAndTrace.csproj
		SccProjectTopLevelParentUniqueName12 = TaskTimeTracker.UI.Web.sln
		SccLocalPath12 = ..\\..\\Components\\Framework.LogAndTrace
		SccProjectFilePathRelativizedFromConnection12 = Core\\
		SccProjectUniqueName13 = ..\\..\\Components\\Framework.ReleaseLog\\Core\\Framework.Components.ReleaseLog.csproj
		SccProjectTopLevelParentUniqueName13 = TaskTimeTracker.UI.Web.sln
		SccLocalPath13 = ..\\..\\Components\\Framework.ReleaseLog
		SccProjectFilePathRelativizedFromConnection13 = Core\\
		SccProjectUniqueName14 = ..\\..\\Components\\Framework.TasksAndWorkflow\\Core\\Framework.Components.TasksAndWorkflow.csproj
		SccProjectTopLevelParentUniqueName14 = TaskTimeTracker.UI.Web.sln
		SccLocalPath14 = ..\\..\\Components\\Framework.TasksAndWorkflow
		SccProjectFilePathRelativizedFromConnection14 = Core\\
		SccProjectUniqueName15 = ..\\..\\Components\\Library.CommonServices.Utils\\Core\\Library.CommonServices.Utils.csproj
		SccProjectTopLevelParentUniqueName15 = TaskTimeTracker.UI.Web.sln
		SccLocalPath15 = ..\\..\\Components\\Library.CommonServices.Utils
		SccProjectFilePathRelativizedFromConnection15 = Core\\
		SccProjectUniqueName16 = WebFramework\\Shared.UI.WebFramework.csproj
		SccProjectTopLevelParentUniqueName16 = TaskTimeTracker.UI.Web.sln
		SccLocalPath16 = .
		SccProjectFilePathRelativizedFromConnection16 = WebFramework\\
		SccProjectUniqueName17 = WebBranding\\Shared.UI.WebBranding.csproj
		SccProjectTopLevelParentUniqueName17 = TaskTimeTracker.UI.Web.sln
		SccLocalPath17 = .
		SccProjectFilePathRelativizedFromConnection17 = WebBranding\\
		SccProjectUniqueName18 = ..\\..\\Components\\Test\u0020Case\u0020Management\\Core\\TestCaseManagement.Components.DataAccess.csproj
		SccProjectTopLevelParentUniqueName18 = TaskTimeTracker.UI.Web.sln
		SccLocalPath18 = ..\\..\\Components\\Test\u0020Case\u0020Management\\Core
		SccProjectUniqueName19 = ..\\..\\Components\\TaskTimeTracker\\Module.ApplicationDevelopment\\TaskTimeTracker.Components.ApplicationDevelopment.csproj
		SccProjectTopLevelParentUniqueName19 = TaskTimeTracker.UI.Web.sln
		SccLocalPath19 = ..\\..\\Components\\TaskTimeTracker\\Module.ApplicationDevelopment
		SccProjectUniqueName20 = ..\\..\\Components\\TaskTimeTracker\\Module.RequirementAnalysis\\TaskTimeTracker.Components.Module.RequirementAnalysis.csproj
		SccProjectTopLevelParentUniqueName20 = TaskTimeTracker.UI.Web.sln
		SccLocalPath20 = ..\\..\\Components\\TaskTimeTracker\\Module.RequirementAnalysis
		SccProjectUniqueName21 = UrlAutoTester\\UrlAutoTester.csproj
		SccProjectTopLevelParentUniqueName21 = TaskTimeTracker.UI.Web.sln
		SccLocalPath21 = .
		SccProjectFilePathRelativizedFromConnection21 = UrlAutoTester\\
		SccProjectUniqueName22 = ..\\..\\Components\\Framework.Configuration\\Core\\Framework.Components.Configuration.csproj
		SccProjectTopLevelParentUniqueName22 = TaskTimeTracker.UI.Web.sln
		SccLocalPath22 = ..\\..\\Components\\Framework.Configuration
		SccProjectFilePathRelativizedFromConnection22 = Core\\
		SccProjectUniqueName23 = ..\\..\\Generators\\Generators.Generator\\Generators.Generator.csproj
		SccProjectTopLevelParentUniqueName23 = TaskTimeTracker.UI.Web.sln
		SccLocalPath23 = ..\\..\\Generators\\Generators.Generator
		SccProjectUniqueName24 = ..\\..\\Generators\\Generators.SQL\\Generators.SQL.csproj
		SccProjectTopLevelParentUniqueName24 = TaskTimeTracker.UI.Web.sln
		SccLocalPath24 = ..\\..\\Generators\\Generators.SQL
		SccProjectUniqueName25 = ..\\..\\Unit\u0020Test\\UnitTestCommon\\UnitTestCommon.csproj
		SccProjectTopLevelParentUniqueName25 = TaskTimeTracker.UI.Web.sln
		SccLocalPath25 = ..\\..\\Unit\u0020Test\\UnitTestCommon
		SccProjectUniqueName26 = ..\\Generator\\Generator.UI.Winform\\Generator.UI.Winform.csproj
		SccProjectTopLevelParentUniqueName26 = TaskTimeTracker.UI.Web.sln
		SccLocalPath26 = ..\\Generator\\Generator.UI.Winform
		SccProjectUniqueName27 = ..\\..\\Models\\TaskTimeTracker\\DataModel.TaskTimeTracker\\DataModel.TaskTimeTracker.csproj
		SccProjectTopLevelParentUniqueName27 = TaskTimeTracker.UI.Web.sln
		SccLocalPath27 = ..\\..\\Models\\TaskTimeTracker\\DataModel.TaskTimeTracker
		SccProjectUniqueName28 = ..\\..\\Models\\Framework\\ApplicationUser\\DataModel.Framework.ApplicationUser\\DataModel.Framework.AuthenticationAndAuthorization.csproj
		SccProjectTopLevelParentUniqueName28 = TaskTimeTracker.UI.Web.sln
		SccLocalPath28 = ..\\..\\Models\\Framework\\ApplicationUser\\DataModel.Framework.ApplicationUser
		SccProjectUniqueName29 = ..\\..\\Components\\Day\u0020Care\\BusinessLayer\\DayCare.Components.BusinessLayer.csproj
		SccProjectTopLevelParentUniqueName29 = TaskTimeTracker.UI.Web.sln
		SccLocalPath29 = ..\\..\\Components\\Day\u0020Care
		SccProjectFilePathRelativizedFromConnection29 = BusinessLayer\\
		SccProjectUniqueName30 = ..\\..\\Models\\Day\u0020Care\\DataModel.DayCare.csproj
		SccProjectTopLevelParentUniqueName30 = TaskTimeTracker.UI.Web.sln
		SccLocalPath30 = ..\\..\\Models\\Day\u0020Care
		SccProjectUniqueName31 = Web\\TaskTimeTracker.UI.Web.csproj
		SccProjectTopLevelParentUniqueName31 = TaskTimeTracker.UI.Web.sln
		SccLocalPath31 = .
		SccProjectFilePathRelativizedFromConnection31 = Web\\
		SccProjectUniqueName32 = ..\\..\\Generators\\Generators.Components\\Generators.Components.csproj
		SccProjectTopLevelParentUniqueName32 = TaskTimeTracker.UI.Web.sln
		SccLocalPath32 = ..\\..\\Generators\\Generators.Components
		SccProjectUniqueName33 = ..\\..\\Models\\Capital\u0020Markets\\DataModel.CapitalMarkets.csproj
		SccProjectTopLevelParentUniqueName33 = TaskTimeTracker.UI.Web.sln
		SccLocalPath33 = ..\\..\\Models\\Capital\u0020Markets
		SccProjectUniqueName34 = ..\\..\\Models\\Legal\\DataModel.Legal.csproj
		SccProjectTopLevelParentUniqueName34 = TaskTimeTracker.UI.Web.sln
		SccLocalPath34 = ..\\..\\Models\\Legal
		SccProjectUniqueName35 = ..\\..\\Generators\\Generators.UI\\Generators.UI.csproj
		SccProjectTopLevelParentUniqueName35 = TaskTimeTracker.UI.Web.sln
		SccLocalPath35 = ..\\..\\Generators\\Generators.UI
		SccProjectUniqueName36 = CSVFileImportUtility\\CSVFileImportUtility.csproj
		SccProjectTopLevelParentUniqueName36 = TaskTimeTracker.UI.Web.sln
		SccLocalPath36 = .
		SccProjectFilePathRelativizedFromConnection36 = CSVFileImportUtility\\
		SccProjectUniqueName37 = ..\\..\\Models\\ReferenceData\\DataModel.ReferenceData.csproj
		SccProjectTopLevelParentUniqueName37 = TaskTimeTracker.UI.Web.sln
		SccLocalPath37 = ..\\..\\Models\\ReferenceData
		SccProjectUniqueName38 = WebAPISample\\WebAPISample.csproj
		SccProjectTopLevelParentUniqueName38 = TaskTimeTracker.UI.Web.sln
		SccLocalPath38 = .
		SccProjectFilePathRelativizedFromConnection38 = WebAPISample\\
		SccProjectUniqueName39 = ..\\..\\Models\\Reference\u0020Data\\DataModel.ReferenceData.csproj
		SccLocalPath39 = ..\\..\\Models\\Reference\u0020Data
	EndGlobalSection
	GlobalSection(SolutionConfigurationPlatforms) = preSolution
		Debug|Any CPU = Debug|Any CPU
		Debug|Mixed Platforms = Debug|Mixed Platforms
		Debug|x86 = Debug|x86
		Release|Any CPU = Release|Any CPU
		Release|Mixed Platforms = Release|Mixed Platforms
		Release|x86 = Release|x86
	EndGlobalSection
	GlobalSection(ProjectConfigurationPlatforms) = postSolution
		{EB247A14-FD07-4BDC-B852-3416E1A846CA}.Debug|Any CPU.ActiveCfg = Debug|Any CPU
		{EB247A14-FD07-4BDC-B852-3416E1A846CA}.Debug|Any CPU.Build.0 = Debug|Any CPU
		{EB247A14-FD07-4BDC-B852-3416E1A846CA}.Debug|Mixed Platforms.ActiveCfg = Debug|Any CPU
		{EB247A14-FD07-4BDC-B852-3416E1A846CA}.Debug|Mixed Platforms.Build.0 = Debug|Any CPU
		{EB247A14-FD07-4BDC-B852-3416E1A846CA}.Debug|x86.ActiveCfg = Debug|Any CPU
		{EB247A14-FD07-4BDC-B852-3416E1A846CA}.Release|Any CPU.ActiveCfg = Release|Any CPU
		{EB247A14-FD07-4BDC-B852-3416E1A846CA}.Release|Any CPU.Build.0 = Release|Any CPU
		{EB247A14-FD07-4BDC-B852-3416E1A846CA}.Release|Mixed Platforms.ActiveCfg = Release|Any CPU
		{EB247A14-FD07-4BDC-B852-3416E1A846CA}.Release|Mixed Platforms.Build.0 = Release|Any CPU
		{EB247A14-FD07-4BDC-B852-3416E1A846CA}.Release|x86.ActiveCfg = Release|Any CPU
		{3ED85F36-C8E0-4873-9759-003D0961C31E}.Debug|Any CPU.ActiveCfg = Debug|Any CPU
		{3ED85F36-C8E0-4873-9759-003D0961C31E}.Debug|Any CPU.Build.0 = Debug|Any CPU
		{3ED85F36-C8E0-4873-9759-003D0961C31E}.Debug|Mixed Platforms.ActiveCfg = Debug|Any CPU
		{3ED85F36-C8E0-4873-9759-003D0961C31E}.Debug|Mixed Platforms.Build.0 = Debug|Any CPU
		{3ED85F36-C8E0-4873-9759-003D0961C31E}.Debug|x86.ActiveCfg = Debug|Any CPU
		{3ED85F36-C8E0-4873-9759-003D0961C31E}.Release|Any CPU.ActiveCfg = Release|Any CPU
		{3ED85F36-C8E0-4873-9759-003D0961C31E}.Release|Any CPU.Build.0 = Release|Any CPU
		{3ED85F36-C8E0-4873-9759-003D0961C31E}.Release|Mixed Platforms.ActiveCfg = Release|Any CPU
		{3ED85F36-C8E0-4873-9759-003D0961C31E}.Release|Mixed Platforms.Build.0 = Release|Any CPU
		{3ED85F36-C8E0-4873-9759-003D0961C31E}.Release|x86.ActiveCfg = Release|Any CPU
		{E74520E7-5097-4D37-BDEC-056DD138AB4E}.Debug|Any CPU.ActiveCfg = Debug|Any CPU
		{E74520E7-5097-4D37-BDEC-056DD138AB4E}.Debug|Any CPU.Build.0 = Debug|Any CPU
		{E74520E7-5097-4D37-BDEC-056DD138AB4E}.Debug|Mixed Platforms.ActiveCfg = Debug|Any CPU
		{E74520E7-5097-4D37-BDEC-056DD138AB4E}.Debug|Mixed Platforms.Build.0 = Debug|Any CPU
		{E74520E7-5097-4D37-BDEC-056DD138AB4E}.Debug|x86.ActiveCfg = Debug|Any CPU
		{E74520E7-5097-4D37-BDEC-056DD138AB4E}.Release|Any CPU.ActiveCfg = Release|Any CPU
		{E74520E7-5097-4D37-BDEC-056DD138AB4E}.Release|Any CPU.Build.0 = Release|Any CPU
		{E74520E7-5097-4D37-BDEC-056DD138AB4E}.Release|Mixed Platforms.ActiveCfg = Release|Any CPU
		{E74520E7-5097-4D37-BDEC-056DD138AB4E}.Release|Mixed Platforms.Build.0 = Release|Any CPU
		{E74520E7-5097-4D37-BDEC-056DD138AB4E}.Release|x86.ActiveCfg = Release|Any CPU
		{CBB22F91-6F8A-4409-A7AE-A5904FE45DC6}.Debug|Any CPU.ActiveCfg = Debug|Any CPU
		{CBB22F91-6F8A-4409-A7AE-A5904FE45DC6}.Debug|Any CPU.Build.0 = Debug|Any CPU
		{CBB22F91-6F8A-4409-A7AE-A5904FE45DC6}.Debug|Mixed Platforms.ActiveCfg = Debug|Any CPU
		{CBB22F91-6F8A-4409-A7AE-A5904FE45DC6}.Debug|Mixed Platforms.Build.0 = Debug|Any CPU
		{CBB22F91-6F8A-4409-A7AE-A5904FE45DC6}.Debug|x86.ActiveCfg = Debug|Any CPU
		{CBB22F91-6F8A-4409-A7AE-A5904FE45DC6}.Release|Any CPU.ActiveCfg = Release|Any CPU
		{CBB22F91-6F8A-4409-A7AE-A5904FE45DC6}.Release|Any CPU.Build.0 = Release|Any CPU
		{CBB22F91-6F8A-4409-A7AE-A5904FE45DC6}.Release|Mixed Platforms.ActiveCfg = Release|Any CPU
		{CBB22F91-6F8A-4409-A7AE-A5904FE45DC6}.Release|Mixed Platforms.Build.0 = Release|Any CPU
		{CBB22F91-6F8A-4409-A7AE-A5904FE45DC6}.Release|x86.ActiveCfg = Release|Any CPU
		{F3DD4DA4-5F72-43B2-999F-551B331BEFA9}.Debug|Any CPU.ActiveCfg = Debug|Any CPU
		{F3DD4DA4-5F72-43B2-999F-551B331BEFA9}.Debug|Any CPU.Build.0 = Debug|Any CPU
		{F3DD4DA4-5F72-43B2-999F-551B331BEFA9}.Debug|Mixed Platforms.ActiveCfg = Debug|Any CPU
		{F3DD4DA4-5F72-43B2-999F-551B331BEFA9}.Debug|Mixed Platforms.Build.0 = Debug|Any CPU
		{F3DD4DA4-5F72-43B2-999F-551B331BEFA9}.Debug|x86.ActiveCfg = Debug|Any CPU
		{F3DD4DA4-5F72-43B2-999F-551B331BEFA9}.Release|Any CPU.ActiveCfg = Release|Any CPU
		{F3DD4DA4-5F72-43B2-999F-551B331BEFA9}.Release|Any CPU.Build.0 = Release|Any CPU
		{F3DD4DA4-5F72-43B2-999F-551B331BEFA9}.Release|Mixed Platforms.ActiveCfg = Release|Any CPU
		{F3DD4DA4-5F72-43B2-999F-551B331BEFA9}.Release|Mixed Platforms.Build.0 = Release|Any CPU
		{F3DD4DA4-5F72-43B2-999F-551B331BEFA9}.Release|x86.ActiveCfg = Release|Any CPU
		{41D01BFC-8D49-4BFA-827D-47BAAAA02C8D}.Debug|Any CPU.ActiveCfg = Debug|Any CPU
		{41D01BFC-8D49-4BFA-827D-47BAAAA02C8D}.Debug|Any CPU.Build.0 = Debug|Any CPU
		{41D01BFC-8D49-4BFA-827D-47BAAAA02C8D}.Debug|Mixed Platforms.ActiveCfg = Debug|Any CPU
		{41D01BFC-8D49-4BFA-827D-47BAAAA02C8D}.Debug|Mixed Platforms.Build.0 = Debug|Any CPU
		{41D01BFC-8D49-4BFA-827D-47BAAAA02C8D}.Debug|x86.ActiveCfg = Debug|Any CPU
		{41D01BFC-8D49-4BFA-827D-47BAAAA02C8D}.Release|Any CPU.ActiveCfg = Release|Any CPU
		{41D01BFC-8D49-4BFA-827D-47BAAAA02C8D}.Release|Any CPU.Build.0 = Release|Any CPU
		{41D01BFC-8D49-4BFA-827D-47BAAAA02C8D}.Release|Mixed Platforms.ActiveCfg = Release|Any CPU
		{41D01BFC-8D49-4BFA-827D-47BAAAA02C8D}.Release|Mixed Platforms.Build.0 = Release|Any CPU
		{41D01BFC-8D49-4BFA-827D-47BAAAA02C8D}.Release|x86.ActiveCfg = Release|Any CPU
		{998C0E5C-1B47-4FE8-8B47-F12DDF6D0EF1}.Debug|Any CPU.ActiveCfg = Debug|Any CPU
		{998C0E5C-1B47-4FE8-8B47-F12DDF6D0EF1}.Debug|Any CPU.Build.0 = Debug|Any CPU
		{998C0E5C-1B47-4FE8-8B47-F12DDF6D0EF1}.Debug|Mixed Platforms.ActiveCfg = Debug|Any CPU
		{998C0E5C-1B47-4FE8-8B47-F12DDF6D0EF1}.Debug|Mixed Platforms.Build.0 = Debug|Any CPU
		{998C0E5C-1B47-4FE8-8B47-F12DDF6D0EF1}.Debug|x86.ActiveCfg = Debug|Any CPU
		{998C0E5C-1B47-4FE8-8B47-F12DDF6D0EF1}.Release|Any CPU.ActiveCfg = Release|Any CPU
		{998C0E5C-1B47-4FE8-8B47-F12DDF6D0EF1}.Release|Any CPU.Build.0 = Release|Any CPU
		{998C0E5C-1B47-4FE8-8B47-F12DDF6D0EF1}.Release|Mixed Platforms.ActiveCfg = Release|Any CPU
		{998C0E5C-1B47-4FE8-8B47-F12DDF6D0EF1}.Release|Mixed Platforms.Build.0 = Release|Any CPU
		{998C0E5C-1B47-4FE8-8B47-F12DDF6D0EF1}.Release|x86.ActiveCfg = Release|Any CPU
		{B19B7914-588F-4498-87AD-8CD16EF5C070}.Debug|Any CPU.ActiveCfg = Debug|Any CPU
		{B19B7914-588F-4498-87AD-8CD16EF5C070}.Debug|Any CPU.Build.0 = Debug|Any CPU
		{B19B7914-588F-4498-87AD-8CD16EF5C070}.Debug|Mixed Platforms.ActiveCfg = Debug|Any CPU
		{B19B7914-588F-4498-87AD-8CD16EF5C070}.Debug|Mixed Platforms.Build.0 = Debug|Any CPU
		{B19B7914-588F-4498-87AD-8CD16EF5C070}.Debug|x86.ActiveCfg = Debug|Any CPU
		{B19B7914-588F-4498-87AD-8CD16EF5C070}.Release|Any CPU.ActiveCfg = Release|Any CPU
		{B19B7914-588F-4498-87AD-8CD16EF5C070}.Release|Any CPU.Build.0 = Release|Any CPU
		{B19B7914-588F-4498-87AD-8CD16EF5C070}.Release|Mixed Platforms.ActiveCfg = Release|Any CPU
		{B19B7914-588F-4498-87AD-8CD16EF5C070}.Release|Mixed Platforms.Build.0 = Release|Any CPU
		{B19B7914-588F-4498-87AD-8CD16EF5C070}.Release|x86.ActiveCfg = Release|Any CPU
		{BEEBDCB2-5929-4C8E-A861-F1A09F2E8FA2}.Debug|Any CPU.ActiveCfg = Debug|Any CPU
		{BEEBDCB2-5929-4C8E-A861-F1A09F2E8FA2}.Debug|Any CPU.Build.0 = Debug|Any CPU
		{BEEBDCB2-5929-4C8E-A861-F1A09F2E8FA2}.Debug|Mixed Platforms.ActiveCfg = Debug|Any CPU
		{BEEBDCB2-5929-4C8E-A861-F1A09F2E8FA2}.Debug|Mixed Platforms.Build.0 = Debug|Any CPU
		{BEEBDCB2-5929-4C8E-A861-F1A09F2E8FA2}.Debug|x86.ActiveCfg = Debug|Any CPU
		{BEEBDCB2-5929-4C8E-A861-F1A09F2E8FA2}.Release|Any CPU.ActiveCfg = Release|Any CPU
		{BEEBDCB2-5929-4C8E-A861-F1A09F2E8FA2}.Release|Any CPU.Build.0 = Release|Any CPU
		{BEEBDCB2-5929-4C8E-A861-F1A09F2E8FA2}.Release|Mixed Platforms.ActiveCfg = Release|Any CPU
		{BEEBDCB2-5929-4C8E-A861-F1A09F2E8FA2}.Release|Mixed Platforms.Build.0 = Release|Any CPU
		{BEEBDCB2-5929-4C8E-A861-F1A09F2E8FA2}.Release|x86.ActiveCfg = Release|Any CPU
		{5EE13FF1-810F-43CA-98BC-AFA880388A43}.Debug|Any CPU.ActiveCfg = Debug|Any CPU
		{5EE13FF1-810F-43CA-98BC-AFA880388A43}.Debug|Any CPU.Build.0 = Debug|Any CPU
		{5EE13FF1-810F-43CA-98BC-AFA880388A43}.Debug|Mixed Platforms.ActiveCfg = Debug|Any CPU
		{5EE13FF1-810F-43CA-98BC-AFA880388A43}.Debug|Mixed Platforms.Build.0 = Debug|Any CPU
		{5EE13FF1-810F-43CA-98BC-AFA880388A43}.Debug|x86.ActiveCfg = Debug|Any CPU
		{5EE13FF1-810F-43CA-98BC-AFA880388A43}.Release|Any CPU.ActiveCfg = Release|Any CPU
		{5EE13FF1-810F-43CA-98BC-AFA880388A43}.Release|Any CPU.Build.0 = Release|Any CPU
		{5EE13FF1-810F-43CA-98BC-AFA880388A43}.Release|Mixed Platforms.ActiveCfg = Release|Any CPU
		{5EE13FF1-810F-43CA-98BC-AFA880388A43}.Release|Mixed Platforms.Build.0 = Release|Any CPU
		{5EE13FF1-810F-43CA-98BC-AFA880388A43}.Release|x86.ActiveCfg = Release|Any CPU
		{0EB669D6-85F0-4D2A-A4BE-CB62DF878791}.Debug|Any CPU.ActiveCfg = Debug|Any CPU
		{0EB669D6-85F0-4D2A-A4BE-CB62DF878791}.Debug|Any CPU.Build.0 = Debug|Any CPU
		{0EB669D6-85F0-4D2A-A4BE-CB62DF878791}.Debug|Mixed Platforms.ActiveCfg = Debug|Any CPU
		{0EB669D6-85F0-4D2A-A4BE-CB62DF878791}.Debug|Mixed Platforms.Build.0 = Debug|Any CPU
		{0EB669D6-85F0-4D2A-A4BE-CB62DF878791}.Debug|x86.ActiveCfg = Debug|Any CPU
		{0EB669D6-85F0-4D2A-A4BE-CB62DF878791}.Release|Any CPU.ActiveCfg = Release|Any CPU
		{0EB669D6-85F0-4D2A-A4BE-CB62DF878791}.Release|Any CPU.Build.0 = Release|Any CPU
		{0EB669D6-85F0-4D2A-A4BE-CB62DF878791}.Release|Mixed Platforms.ActiveCfg = Release|Any CPU
		{0EB669D6-85F0-4D2A-A4BE-CB62DF878791}.Release|Mixed Platforms.Build.0 = Release|Any CPU
		{0EB669D6-85F0-4D2A-A4BE-CB62DF878791}.Release|x86.ActiveCfg = Release|Any CPU
		{3C1BF755-3C2A-4016-ABA7-62F6DEA056F0}.Debug|Any CPU.ActiveCfg = Debug|Any CPU
		{3C1BF755-3C2A-4016-ABA7-62F6DEA056F0}.Debug|Any CPU.Build.0 = Debug|Any CPU
		{3C1BF755-3C2A-4016-ABA7-62F6DEA056F0}.Debug|Mixed Platforms.ActiveCfg = Debug|Any CPU
		{3C1BF755-3C2A-4016-ABA7-62F6DEA056F0}.Debug|Mixed Platforms.Build.0 = Debug|Any CPU
		{3C1BF755-3C2A-4016-ABA7-62F6DEA056F0}.Debug|x86.ActiveCfg = Debug|Any CPU
		{3C1BF755-3C2A-4016-ABA7-62F6DEA056F0}.Release|Any CPU.ActiveCfg = Release|Any CPU
		{3C1BF755-3C2A-4016-ABA7-62F6DEA056F0}.Release|Any CPU.Build.0 = Release|Any CPU
		{3C1BF755-3C2A-4016-ABA7-62F6DEA056F0}.Release|Mixed Platforms.ActiveCfg = Release|Any CPU
		{3C1BF755-3C2A-4016-ABA7-62F6DEA056F0}.Release|Mixed Platforms.Build.0 = Release|Any CPU
		{3C1BF755-3C2A-4016-ABA7-62F6DEA056F0}.Release|x86.ActiveCfg = Release|Any CPU
		{02C3C616-4097-4999-926C-CA99DC6A6FF9}.Debug|Any CPU.ActiveCfg = Debug|Any CPU
		{02C3C616-4097-4999-926C-CA99DC6A6FF9}.Debug|Any CPU.Build.0 = Debug|Any CPU
		{02C3C616-4097-4999-926C-CA99DC6A6FF9}.Debug|Mixed Platforms.ActiveCfg = Debug|Any CPU
		{02C3C616-4097-4999-926C-CA99DC6A6FF9}.Debug|Mixed Platforms.Build.0 = Debug|Any CPU
		{02C3C616-4097-4999-926C-CA99DC6A6FF9}.Debug|x86.ActiveCfg = Debug|Any CPU
		{02C3C616-4097-4999-926C-CA99DC6A6FF9}.Release|Any CPU.ActiveCfg = Release|Any CPU
		{02C3C616-4097-4999-926C-CA99DC6A6FF9}.Release|Any CPU.Build.0 = Release|Any CPU
		{02C3C616-4097-4999-926C-CA99DC6A6FF9}.Release|Mixed Platforms.ActiveCfg = Release|Any CPU
		{02C3C616-4097-4999-926C-CA99DC6A6FF9}.Release|Mixed Platforms.Build.0 = Release|Any CPU
		{02C3C616-4097-4999-926C-CA99DC6A6FF9}.Release|x86.ActiveCfg = Release|Any CPU
		{2CF34984-C086-4EC0-9B8C-0EF24B64A2D2}.Debug|Any CPU.ActiveCfg = Debug|Any CPU
		{2CF34984-C086-4EC0-9B8C-0EF24B64A2D2}.Debug|Any CPU.Build.0 = Debug|Any CPU
		{2CF34984-C086-4EC0-9B8C-0EF24B64A2D2}.Debug|Mixed Platforms.ActiveCfg = Debug|Any CPU
		{2CF34984-C086-4EC0-9B8C-0EF24B64A2D2}.Debug|Mixed Platforms.Build.0 = Debug|Any CPU
		{2CF34984-C086-4EC0-9B8C-0EF24B64A2D2}.Debug|x86.ActiveCfg = Debug|Any CPU
		{2CF34984-C086-4EC0-9B8C-0EF24B64A2D2}.Release|Any CPU.ActiveCfg = Release|Any CPU
		{2CF34984-C086-4EC0-9B8C-0EF24B64A2D2}.Release|Any CPU.Build.0 = Release|Any CPU
		{2CF34984-C086-4EC0-9B8C-0EF24B64A2D2}.Release|Mixed Platforms.ActiveCfg = Release|Any CPU
		{2CF34984-C086-4EC0-9B8C-0EF24B64A2D2}.Release|Mixed Platforms.Build.0 = Release|Any CPU
		{2CF34984-C086-4EC0-9B8C-0EF24B64A2D2}.Release|x86.ActiveCfg = Release|Any CPU
		{3A2F8B5E-E2CD-438D-9572-62E4BB747F42}.Debug|Any CPU.ActiveCfg = Debug|Any CPU
		{3A2F8B5E-E2CD-438D-9572-62E4BB747F42}.Debug|Any CPU.Build.0 = Debug|Any CPU
		{3A2F8B5E-E2CD-438D-9572-62E4BB747F42}.Debug|Mixed Platforms.ActiveCfg = Debug|Any CPU
		{3A2F8B5E-E2CD-438D-9572-62E4BB747F42}.Debug|Mixed Platforms.Build.0 = Debug|Any CPU
		{3A2F8B5E-E2CD-438D-9572-62E4BB747F42}.Debug|x86.ActiveCfg = Debug|Any CPU
		{3A2F8B5E-E2CD-438D-9572-62E4BB747F42}.Release|Any CPU.ActiveCfg = Release|Any CPU
		{3A2F8B5E-E2CD-438D-9572-62E4BB747F42}.Release|Any CPU.Build.0 = Release|Any CPU
		{3A2F8B5E-E2CD-438D-9572-62E4BB747F42}.Release|Mixed Platforms.ActiveCfg = Release|Any CPU
		{3A2F8B5E-E2CD-438D-9572-62E4BB747F42}.Release|Mixed Platforms.Build.0 = Release|Any CPU
		{3A2F8B5E-E2CD-438D-9572-62E4BB747F42}.Release|x86.ActiveCfg = Release|Any CPU
		{DAAAFFE0-C710-49FC-B315-E13089A327B7}.Debug|Any CPU.ActiveCfg = Debug|Any CPU
		{DAAAFFE0-C710-49FC-B315-E13089A327B7}.Debug|Any CPU.Build.0 = Debug|Any CPU
		{DAAAFFE0-C710-49FC-B315-E13089A327B7}.Debug|Mixed Platforms.ActiveCfg = Debug|Any CPU
		{DAAAFFE0-C710-49FC-B315-E13089A327B7}.Debug|Mixed Platforms.Build.0 = Debug|Any CPU
		{DAAAFFE0-C710-49FC-B315-E13089A327B7}.Debug|x86.ActiveCfg = Debug|Any CPU
		{DAAAFFE0-C710-49FC-B315-E13089A327B7}.Release|Any CPU.ActiveCfg = Release|Any CPU
		{DAAAFFE0-C710-49FC-B315-E13089A327B7}.Release|Any CPU.Build.0 = Release|Any CPU
		{DAAAFFE0-C710-49FC-B315-E13089A327B7}.Release|Mixed Platforms.ActiveCfg = Release|Any CPU
		{DAAAFFE0-C710-49FC-B315-E13089A327B7}.Release|Mixed Platforms.Build.0 = Release|Any CPU
		{DAAAFFE0-C710-49FC-B315-E13089A327B7}.Release|x86.ActiveCfg = Release|Any CPU
		{B346117C-6AEF-4574-8B0E-2BDC5C1CE116}.Debug|Any CPU.ActiveCfg = Debug|Any CPU
		{B346117C-6AEF-4574-8B0E-2BDC5C1CE116}.Debug|Any CPU.Build.0 = Debug|Any CPU
		{B346117C-6AEF-4574-8B0E-2BDC5C1CE116}.Debug|Mixed Platforms.ActiveCfg = Debug|Any CPU
		{B346117C-6AEF-4574-8B0E-2BDC5C1CE116}.Debug|Mixed Platforms.Build.0 = Debug|Any CPU
		{B346117C-6AEF-4574-8B0E-2BDC5C1CE116}.Debug|x86.ActiveCfg = Debug|Any CPU
		{B346117C-6AEF-4574-8B0E-2BDC5C1CE116}.Release|Any CPU.ActiveCfg = Release|Any CPU
		{B346117C-6AEF-4574-8B0E-2BDC5C1CE116}.Release|Any CPU.Build.0 = Release|Any CPU
		{B346117C-6AEF-4574-8B0E-2BDC5C1CE116}.Release|Mixed Platforms.ActiveCfg = Release|Any CPU
		{B346117C-6AEF-4574-8B0E-2BDC5C1CE116}.Release|Mixed Platforms.Build.0 = Release|Any CPU
		{B346117C-6AEF-4574-8B0E-2BDC5C1CE116}.Release|x86.ActiveCfg = Release|Any CPU
		{4A94E353-75DD-46CC-B784-C49D42DCA73B}.Debug|Any CPU.ActiveCfg = Debug|Any CPU
		{4A94E353-75DD-46CC-B784-C49D42DCA73B}.Debug|Any CPU.Build.0 = Debug|Any CPU
		{4A94E353-75DD-46CC-B784-C49D42DCA73B}.Debug|Mixed Platforms.ActiveCfg = Debug|Any CPU
		{4A94E353-75DD-46CC-B784-C49D42DCA73B}.Debug|Mixed Platforms.Build.0 = Debug|Any CPU
		{4A94E353-75DD-46CC-B784-C49D42DCA73B}.Debug|x86.ActiveCfg = Debug|Any CPU
		{4A94E353-75DD-46CC-B784-C49D42DCA73B}.Release|Any CPU.ActiveCfg = Release|Any CPU
		{4A94E353-75DD-46CC-B784-C49D42DCA73B}.Release|Any CPU.Build.0 = Release|Any CPU
		{4A94E353-75DD-46CC-B784-C49D42DCA73B}.Release|Mixed Platforms.ActiveCfg = Release|Any CPU
		{4A94E353-75DD-46CC-B784-C49D42DCA73B}.Release|Mixed Platforms.Build.0 = Release|Any CPU
		{4A94E353-75DD-46CC-B784-C49D42DCA73B}.Release|x86.ActiveCfg = Release|Any CPU
		{3A3A5E74-F7DA-405E-9963-45D15D8E54AE}.Debug|Any CPU.ActiveCfg = Debug|Any CPU
		{3A3A5E74-F7DA-405E-9963-45D15D8E54AE}.Debug|Any CPU.Build.0 = Debug|Any CPU
		{3A3A5E74-F7DA-405E-9963-45D15D8E54AE}.Debug|Mixed Platforms.ActiveCfg = Debug|Any CPU
		{3A3A5E74-F7DA-405E-9963-45D15D8E54AE}.Debug|Mixed Platforms.Build.0 = Debug|Any CPU
		{3A3A5E74-F7DA-405E-9963-45D15D8E54AE}.Debug|x86.ActiveCfg = Debug|Any CPU
		{3A3A5E74-F7DA-405E-9963-45D15D8E54AE}.Release|Any CPU.ActiveCfg = Release|Any CPU
		{3A3A5E74-F7DA-405E-9963-45D15D8E54AE}.Release|Any CPU.Build.0 = Release|Any CPU
		{3A3A5E74-F7DA-405E-9963-45D15D8E54AE}.Release|Mixed Platforms.ActiveCfg = Release|Any CPU
		{3A3A5E74-F7DA-405E-9963-45D15D8E54AE}.Release|Mixed Platforms.Build.0 = Release|Any CPU
		{3A3A5E74-F7DA-405E-9963-45D15D8E54AE}.Release|x86.ActiveCfg = Release|Any CPU
		{60CC596B-2FE1-4353-B198-DB9EC410A7A2}.Debug|Any CPU.ActiveCfg = Debug|Any CPU
		{60CC596B-2FE1-4353-B198-DB9EC410A7A2}.Debug|Any CPU.Build.0 = Debug|Any CPU
		{60CC596B-2FE1-4353-B198-DB9EC410A7A2}.Debug|Mixed Platforms.ActiveCfg = Debug|Any CPU
		{60CC596B-2FE1-4353-B198-DB9EC410A7A2}.Debug|Mixed Platforms.Build.0 = Debug|Any CPU
		{60CC596B-2FE1-4353-B198-DB9EC410A7A2}.Debug|x86.ActiveCfg = Debug|Any CPU
		{60CC596B-2FE1-4353-B198-DB9EC410A7A2}.Release|Any CPU.ActiveCfg = Release|Any CPU
		{60CC596B-2FE1-4353-B198-DB9EC410A7A2}.Release|Any CPU.Build.0 = Release|Any CPU
		{60CC596B-2FE1-4353-B198-DB9EC410A7A2}.Release|Mixed Platforms.ActiveCfg = Release|Any CPU
		{60CC596B-2FE1-4353-B198-DB9EC410A7A2}.Release|Mixed Platforms.Build.0 = Release|Any CPU
		{60CC596B-2FE1-4353-B198-DB9EC410A7A2}.Release|x86.ActiveCfg = Release|Any CPU
		{6B8BE1B4-9B95-428A-A1B4-8C60F0C72F10}.Debug|Any CPU.ActiveCfg = Debug|Any CPU
		{6B8BE1B4-9B95-428A-A1B4-8C60F0C72F10}.Debug|Any CPU.Build.0 = Debug|Any CPU
		{6B8BE1B4-9B95-428A-A1B4-8C60F0C72F10}.Debug|Mixed Platforms.ActiveCfg = Debug|Any CPU
		{6B8BE1B4-9B95-428A-A1B4-8C60F0C72F10}.Debug|Mixed Platforms.Build.0 = Debug|Any CPU
		{6B8BE1B4-9B95-428A-A1B4-8C60F0C72F10}.Debug|x86.ActiveCfg = Debug|Any CPU
		{6B8BE1B4-9B95-428A-A1B4-8C60F0C72F10}.Release|Any CPU.ActiveCfg = Release|Any CPU
		{6B8BE1B4-9B95-428A-A1B4-8C60F0C72F10}.Release|Any CPU.Build.0 = Release|Any CPU
		{6B8BE1B4-9B95-428A-A1B4-8C60F0C72F10}.Release|Mixed Platforms.ActiveCfg = Release|Any CPU
		{6B8BE1B4-9B95-428A-A1B4-8C60F0C72F10}.Release|Mixed Platforms.Build.0 = Release|Any CPU
		{6B8BE1B4-9B95-428A-A1B4-8C60F0C72F10}.Release|x86.ActiveCfg = Release|Any CPU
		{CB9773DC-212D-4E6F-BF91-48598BFC6DBF}.Debug|Any CPU.ActiveCfg = Debug|Any CPU
		{CB9773DC-212D-4E6F-BF91-48598BFC6DBF}.Debug|Any CPU.Build.0 = Debug|Any CPU
		{CB9773DC-212D-4E6F-BF91-48598BFC6DBF}.Debug|Mixed Platforms.ActiveCfg = Debug|Any CPU
		{CB9773DC-212D-4E6F-BF91-48598BFC6DBF}.Debug|Mixed Platforms.Build.0 = Debug|Any CPU
		{CB9773DC-212D-4E6F-BF91-48598BFC6DBF}.Debug|x86.ActiveCfg = Debug|Any CPU
		{CB9773DC-212D-4E6F-BF91-48598BFC6DBF}.Release|Any CPU.ActiveCfg = Release|Any CPU
		{CB9773DC-212D-4E6F-BF91-48598BFC6DBF}.Release|Any CPU.Build.0 = Release|Any CPU
		{CB9773DC-212D-4E6F-BF91-48598BFC6DBF}.Release|Mixed Platforms.ActiveCfg = Release|Any CPU
		{CB9773DC-212D-4E6F-BF91-48598BFC6DBF}.Release|Mixed Platforms.Build.0 = Release|Any CPU
		{CB9773DC-212D-4E6F-BF91-48598BFC6DBF}.Release|x86.ActiveCfg = Release|Any CPU
		{33362436-0628-4DEC-A423-614E825C9BAD}.Debug|Any CPU.ActiveCfg = Debug|Any CPU
		{33362436-0628-4DEC-A423-614E825C9BAD}.Debug|Any CPU.Build.0 = Debug|Any CPU
		{33362436-0628-4DEC-A423-614E825C9BAD}.Debug|Mixed Platforms.ActiveCfg = Debug|Any CPU
		{33362436-0628-4DEC-A423-614E825C9BAD}.Debug|Mixed Platforms.Build.0 = Debug|Any CPU
		{33362436-0628-4DEC-A423-614E825C9BAD}.Debug|x86.ActiveCfg = Debug|Any CPU
		{33362436-0628-4DEC-A423-614E825C9BAD}.Release|Any CPU.ActiveCfg = Release|Any CPU
		{33362436-0628-4DEC-A423-614E825C9BAD}.Release|Any CPU.Build.0 = Release|Any CPU
		{33362436-0628-4DEC-A423-614E825C9BAD}.Release|Mixed Platforms.ActiveCfg = Release|Any CPU
		{33362436-0628-4DEC-A423-614E825C9BAD}.Release|Mixed Platforms.Build.0 = Release|Any CPU
		{33362436-0628-4DEC-A423-614E825C9BAD}.Release|x86.ActiveCfg = Release|Any CPU
		{97354EFF-B1E2-4B43-B7A6-0F4462FDB5C2}.Debug|Any CPU.ActiveCfg = Debug|Any CPU
		{97354EFF-B1E2-4B43-B7A6-0F4462FDB5C2}.Debug|Any CPU.Build.0 = Debug|Any CPU
		{97354EFF-B1E2-4B43-B7A6-0F4462FDB5C2}.Debug|Mixed Platforms.ActiveCfg = Debug|Any CPU
		{97354EFF-B1E2-4B43-B7A6-0F4462FDB5C2}.Debug|Mixed Platforms.Build.0 = Debug|Any CPU
		{97354EFF-B1E2-4B43-B7A6-0F4462FDB5C2}.Debug|x86.ActiveCfg = Debug|Any CPU
		{97354EFF-B1E2-4B43-B7A6-0F4462FDB5C2}.Release|Any CPU.ActiveCfg = Release|Any CPU
		{97354EFF-B1E2-4B43-B7A6-0F4462FDB5C2}.Release|Any CPU.Build.0 = Release|Any CPU
		{97354EFF-B1E2-4B43-B7A6-0F4462FDB5C2}.Release|Mixed Platforms.ActiveCfg = Release|Any CPU
		{97354EFF-B1E2-4B43-B7A6-0F4462FDB5C2}.Release|Mixed Platforms.Build.0 = Release|Any CPU
		{97354EFF-B1E2-4B43-B7A6-0F4462FDB5C2}.Release|x86.ActiveCfg = Release|Any CPU
		{B0BEDD22-F96B-41D9-8A3B-68C44FAB906A}.Debug|Any CPU.ActiveCfg = Debug|Any CPU
		{B0BEDD22-F96B-41D9-8A3B-68C44FAB906A}.Debug|Any CPU.Build.0 = Debug|Any CPU
		{B0BEDD22-F96B-41D9-8A3B-68C44FAB906A}.Debug|Mixed Platforms.ActiveCfg = Debug|Any CPU
		{B0BEDD22-F96B-41D9-8A3B-68C44FAB906A}.Debug|Mixed Platforms.Build.0 = Debug|Any CPU
		{B0BEDD22-F96B-41D9-8A3B-68C44FAB906A}.Debug|x86.ActiveCfg = Debug|Any CPU
		{B0BEDD22-F96B-41D9-8A3B-68C44FAB906A}.Release|Any CPU.ActiveCfg = Release|Any CPU
		{B0BEDD22-F96B-41D9-8A3B-68C44FAB906A}.Release|Any CPU.Build.0 = Release|Any CPU
		{B0BEDD22-F96B-41D9-8A3B-68C44FAB906A}.Release|Mixed Platforms.ActiveCfg = Release|Any CPU
		{B0BEDD22-F96B-41D9-8A3B-68C44FAB906A}.Release|Mixed Platforms.Build.0 = Release|Any CPU
		{B0BEDD22-F96B-41D9-8A3B-68C44FAB906A}.Release|x86.ActiveCfg = Release|Any CPU
		{2590D346-2077-48BA-8AEA-93099A244209}.Debug|Any CPU.ActiveCfg = Debug|Any CPU
		{2590D346-2077-48BA-8AEA-93099A244209}.Debug|Any CPU.Build.0 = Debug|Any CPU
		{2590D346-2077-48BA-8AEA-93099A244209}.Debug|Mixed Platforms.ActiveCfg = Debug|Any CPU
		{2590D346-2077-48BA-8AEA-93099A244209}.Debug|Mixed Platforms.Build.0 = Debug|Any CPU
		{2590D346-2077-48BA-8AEA-93099A244209}.Debug|x86.ActiveCfg = Debug|Any CPU
		{2590D346-2077-48BA-8AEA-93099A244209}.Release|Any CPU.ActiveCfg = Release|Any CPU
		{2590D346-2077-48BA-8AEA-93099A244209}.Release|Any CPU.Build.0 = Release|Any CPU
		{2590D346-2077-48BA-8AEA-93099A244209}.Release|Mixed Platforms.ActiveCfg = Release|Any CPU
		{2590D346-2077-48BA-8AEA-93099A244209}.Release|Mixed Platforms.Build.0 = Release|Any CPU
		{2590D346-2077-48BA-8AEA-93099A244209}.Release|x86.ActiveCfg = Release|Any CPU
		{ACF6E858-E5DB-48DB-96A1-0DAFDA0A3260}.Debug|Any CPU.ActiveCfg = Debug|Any CPU
		{ACF6E858-E5DB-48DB-96A1-0DAFDA0A3260}.Debug|Any CPU.Build.0 = Debug|Any CPU
		{ACF6E858-E5DB-48DB-96A1-0DAFDA0A3260}.Debug|Mixed Platforms.ActiveCfg = Debug|Any CPU
		{ACF6E858-E5DB-48DB-96A1-0DAFDA0A3260}.Debug|Mixed Platforms.Build.0 = Debug|Any CPU
		{ACF6E858-E5DB-48DB-96A1-0DAFDA0A3260}.Debug|x86.ActiveCfg = Debug|Any CPU
		{ACF6E858-E5DB-48DB-96A1-0DAFDA0A3260}.Release|Any CPU.ActiveCfg = Release|Any CPU
		{ACF6E858-E5DB-48DB-96A1-0DAFDA0A3260}.Release|Any CPU.Build.0 = Release|Any CPU
		{ACF6E858-E5DB-48DB-96A1-0DAFDA0A3260}.Release|Mixed Platforms.ActiveCfg = Release|Any CPU
		{ACF6E858-E5DB-48DB-96A1-0DAFDA0A3260}.Release|Mixed Platforms.Build.0 = Release|Any CPU
		{ACF6E858-E5DB-48DB-96A1-0DAFDA0A3260}.Release|x86.ActiveCfg = Release|Any CPU
		{3CE97E00-470C-43DB-8489-FD89559268C9}.Debug|Any CPU.ActiveCfg = Debug|Any CPU
		{3CE97E00-470C-43DB-8489-FD89559268C9}.Debug|Any CPU.Build.0 = Debug|Any CPU
		{3CE97E00-470C-43DB-8489-FD89559268C9}.Debug|Mixed Platforms.ActiveCfg = Debug|Any CPU
		{3CE97E00-470C-43DB-8489-FD89559268C9}.Debug|Mixed Platforms.Build.0 = Debug|Any CPU
		{3CE97E00-470C-43DB-8489-FD89559268C9}.Debug|x86.ActiveCfg = Debug|Any CPU
		{3CE97E00-470C-43DB-8489-FD89559268C9}.Release|Any CPU.ActiveCfg = Release|Any CPU
		{3CE97E00-470C-43DB-8489-FD89559268C9}.Release|Any CPU.Build.0 = Release|Any CPU
		{3CE97E00-470C-43DB-8489-FD89559268C9}.Release|Mixed Platforms.ActiveCfg = Release|Any CPU
		{3CE97E00-470C-43DB-8489-FD89559268C9}.Release|Mixed Platforms.Build.0 = Release|Any CPU
		{3CE97E00-470C-43DB-8489-FD89559268C9}.Release|x86.ActiveCfg = Release|Any CPU
		{F5D7ED71-B73E-4A28-BA89-41F39C4259F4}.Debug|Any CPU.ActiveCfg = Debug|Any CPU
		{F5D7ED71-B73E-4A28-BA89-41F39C4259F4}.Debug|Any CPU.Build.0 = Debug|Any CPU
		{F5D7ED71-B73E-4A28-BA89-41F39C4259F4}.Debug|Mixed Platforms.ActiveCfg = Debug|Any CPU
		{F5D7ED71-B73E-4A28-BA89-41F39C4259F4}.Debug|Mixed Platforms.Build.0 = Debug|Any CPU
		{F5D7ED71-B73E-4A28-BA89-41F39C4259F4}.Debug|x86.ActiveCfg = Debug|Any CPU
		{F5D7ED71-B73E-4A28-BA89-41F39C4259F4}.Release|Any CPU.ActiveCfg = Release|Any CPU
		{F5D7ED71-B73E-4A28-BA89-41F39C4259F4}.Release|Any CPU.Build.0 = Release|Any CPU
		{F5D7ED71-B73E-4A28-BA89-41F39C4259F4}.Release|Mixed Platforms.ActiveCfg = Release|Any CPU
		{F5D7ED71-B73E-4A28-BA89-41F39C4259F4}.Release|Mixed Platforms.Build.0 = Release|Any CPU
		{F5D7ED71-B73E-4A28-BA89-41F39C4259F4}.Release|x86.ActiveCfg = Release|Any CPU
		{7E6CA603-37AD-48E7-A01C-B266BAB29BC1}.Debug|Any CPU.ActiveCfg = Debug|Any CPU
		{7E6CA603-37AD-48E7-A01C-B266BAB29BC1}.Debug|Any CPU.Build.0 = Debug|Any CPU
		{7E6CA603-37AD-48E7-A01C-B266BAB29BC1}.Debug|Mixed Platforms.ActiveCfg = Debug|Any CPU
		{7E6CA603-37AD-48E7-A01C-B266BAB29BC1}.Debug|Mixed Platforms.Build.0 = Debug|Any CPU
		{7E6CA603-37AD-48E7-A01C-B266BAB29BC1}.Debug|x86.ActiveCfg = Debug|Any CPU
		{7E6CA603-37AD-48E7-A01C-B266BAB29BC1}.Release|Any CPU.ActiveCfg = Release|Any CPU
		{7E6CA603-37AD-48E7-A01C-B266BAB29BC1}.Release|Any CPU.Build.0 = Release|Any CPU
		{7E6CA603-37AD-48E7-A01C-B266BAB29BC1}.Release|Mixed Platforms.ActiveCfg = Release|Any CPU
		{7E6CA603-37AD-48E7-A01C-B266BAB29BC1}.Release|Mixed Platforms.Build.0 = Release|Any CPU
		{7E6CA603-37AD-48E7-A01C-B266BAB29BC1}.Release|x86.ActiveCfg = Release|Any CPU
		{19A1EB56-7232-4930-9D62-85C49730FEC6}.Debug|Any CPU.ActiveCfg = Debug|Any CPU
		{19A1EB56-7232-4930-9D62-85C49730FEC6}.Debug|Any CPU.Build.0 = Debug|Any CPU
		{19A1EB56-7232-4930-9D62-85C49730FEC6}.Debug|Mixed Platforms.ActiveCfg = Debug|Any CPU
		{19A1EB56-7232-4930-9D62-85C49730FEC6}.Debug|Mixed Platforms.Build.0 = Debug|Any CPU
		{19A1EB56-7232-4930-9D62-85C49730FEC6}.Debug|x86.ActiveCfg = Debug|Any CPU
		{19A1EB56-7232-4930-9D62-85C49730FEC6}.Release|Any CPU.ActiveCfg = Release|Any CPU
		{19A1EB56-7232-4930-9D62-85C49730FEC6}.Release|Any CPU.Build.0 = Release|Any CPU
		{19A1EB56-7232-4930-9D62-85C49730FEC6}.Release|Mixed Platforms.ActiveCfg = Release|Any CPU
		{19A1EB56-7232-4930-9D62-85C49730FEC6}.Release|Mixed Platforms.Build.0 = Release|Any CPU
		{19A1EB56-7232-4930-9D62-85C49730FEC6}.Release|x86.ActiveCfg = Release|Any CPU
		{0525B5B3-9F16-4D7D-8078-C5EDA78A80ED}.Debug|Any CPU.ActiveCfg = Debug|Any CPU
		{0525B5B3-9F16-4D7D-8078-C5EDA78A80ED}.Debug|Any CPU.Build.0 = Debug|Any CPU
		{0525B5B3-9F16-4D7D-8078-C5EDA78A80ED}.Debug|Mixed Platforms.ActiveCfg = Debug|Any CPU
		{0525B5B3-9F16-4D7D-8078-C5EDA78A80ED}.Debug|Mixed Platforms.Build.0 = Debug|Any CPU
		{0525B5B3-9F16-4D7D-8078-C5EDA78A80ED}.Debug|x86.ActiveCfg = Debug|Any CPU
		{0525B5B3-9F16-4D7D-8078-C5EDA78A80ED}.Release|Any CPU.ActiveCfg = Release|Any CPU
		{0525B5B3-9F16-4D7D-8078-C5EDA78A80ED}.Release|Any CPU.Build.0 = Release|Any CPU
		{0525B5B3-9F16-4D7D-8078-C5EDA78A80ED}.Release|Mixed Platforms.ActiveCfg = Release|Any CPU
		{0525B5B3-9F16-4D7D-8078-C5EDA78A80ED}.Release|Mixed Platforms.Build.0 = Release|Any CPU
		{0525B5B3-9F16-4D7D-8078-C5EDA78A80ED}.Release|x86.ActiveCfg = Release|Any CPU
		{2D1740AE-A004-4BF5-87A5-19BF2C1A0695}.Debug|Any CPU.ActiveCfg = Debug|Any CPU
		{2D1740AE-A004-4BF5-87A5-19BF2C1A0695}.Debug|Any CPU.Build.0 = Debug|Any CPU
		{2D1740AE-A004-4BF5-87A5-19BF2C1A0695}.Debug|Mixed Platforms.ActiveCfg = Debug|Any CPU
		{2D1740AE-A004-4BF5-87A5-19BF2C1A0695}.Debug|Mixed Platforms.Build.0 = Debug|Any CPU
		{2D1740AE-A004-4BF5-87A5-19BF2C1A0695}.Debug|x86.ActiveCfg = Debug|Any CPU
		{2D1740AE-A004-4BF5-87A5-19BF2C1A0695}.Release|Any CPU.ActiveCfg = Release|Any CPU
		{2D1740AE-A004-4BF5-87A5-19BF2C1A0695}.Release|Any CPU.Build.0 = Release|Any CPU
		{2D1740AE-A004-4BF5-87A5-19BF2C1A0695}.Release|Mixed Platforms.ActiveCfg = Release|Any CPU
		{2D1740AE-A004-4BF5-87A5-19BF2C1A0695}.Release|Mixed Platforms.Build.0 = Release|Any CPU
		{2D1740AE-A004-4BF5-87A5-19BF2C1A0695}.Release|x86.ActiveCfg = Release|Any CPU
		{E043E876-C12C-4D07-B4B4-556ECA577C14}.Debug|Any CPU.ActiveCfg = Debug|Any CPU
		{E043E876-C12C-4D07-B4B4-556ECA577C14}.Debug|Any CPU.Build.0 = Debug|Any CPU
		{E043E876-C12C-4D07-B4B4-556ECA577C14}.Debug|Mixed Platforms.ActiveCfg = Debug|Any CPU
		{E043E876-C12C-4D07-B4B4-556ECA577C14}.Debug|Mixed Platforms.Build.0 = Debug|Any CPU
		{E043E876-C12C-4D07-B4B4-556ECA577C14}.Debug|x86.ActiveCfg = Debug|Any CPU
		{E043E876-C12C-4D07-B4B4-556ECA577C14}.Release|Any CPU.ActiveCfg = Release|Any CPU
		{E043E876-C12C-4D07-B4B4-556ECA577C14}.Release|Any CPU.Build.0 = Release|Any CPU
		{E043E876-C12C-4D07-B4B4-556ECA577C14}.Release|Mixed Platforms.ActiveCfg = Release|Any CPU
		{E043E876-C12C-4D07-B4B4-556ECA577C14}.Release|Mixed Platforms.Build.0 = Release|Any CPU
		{E043E876-C12C-4D07-B4B4-556ECA577C14}.Release|x86.ActiveCfg = Release|Any CPU
		{DC9CEC64-D542-4BCC-A82F-942C3523F6F8}.Debug|Any CPU.ActiveCfg = Debug|Any CPU
		{DC9CEC64-D542-4BCC-A82F-942C3523F6F8}.Debug|Any CPU.Build.0 = Debug|Any CPU
		{DC9CEC64-D542-4BCC-A82F-942C3523F6F8}.Debug|Mixed Platforms.ActiveCfg = Debug|Any CPU
		{DC9CEC64-D542-4BCC-A82F-942C3523F6F8}.Debug|Mixed Platforms.Build.0 = Debug|Any CPU
		{DC9CEC64-D542-4BCC-A82F-942C3523F6F8}.Debug|x86.ActiveCfg = Debug|Any CPU
		{DC9CEC64-D542-4BCC-A82F-942C3523F6F8}.Release|Any CPU.ActiveCfg = Release|Any CPU
		{DC9CEC64-D542-4BCC-A82F-942C3523F6F8}.Release|Any CPU.Build.0 = Release|Any CPU
		{DC9CEC64-D542-4BCC-A82F-942C3523F6F8}.Release|Mixed Platforms.ActiveCfg = Release|Any CPU
		{DC9CEC64-D542-4BCC-A82F-942C3523F6F8}.Release|Mixed Platforms.Build.0 = Release|Any CPU
		{DC9CEC64-D542-4BCC-A82F-942C3523F6F8}.Release|x86.ActiveCfg = Release|Any CPU
		{E57A6E20-EE5C-4DF9-B253-2B0AEF70EBD2}.Debug|Any CPU.ActiveCfg = Debug|Any CPU
		{E57A6E20-EE5C-4DF9-B253-2B0AEF70EBD2}.Debug|Any CPU.Build.0 = Debug|Any CPU
		{E57A6E20-EE5C-4DF9-B253-2B0AEF70EBD2}.Debug|Mixed Platforms.ActiveCfg = Debug|Any CPU
		{E57A6E20-EE5C-4DF9-B253-2B0AEF70EBD2}.Debug|Mixed Platforms.Build.0 = Debug|Any CPU
		{E57A6E20-EE5C-4DF9-B253-2B0AEF70EBD2}.Debug|x86.ActiveCfg = Debug|Any CPU
		{E57A6E20-EE5C-4DF9-B253-2B0AEF70EBD2}.Release|Any CPU.ActiveCfg = Release|Any CPU
		{E57A6E20-EE5C-4DF9-B253-2B0AEF70EBD2}.Release|Any CPU.Build.0 = Release|Any CPU
		{E57A6E20-EE5C-4DF9-B253-2B0AEF70EBD2}.Release|Mixed Platforms.ActiveCfg = Release|Any CPU
		{E57A6E20-EE5C-4DF9-B253-2B0AEF70EBD2}.Release|Mixed Platforms.Build.0 = Release|Any CPU
		{E57A6E20-EE5C-4DF9-B253-2B0AEF70EBD2}.Release|x86.ActiveCfg = Release|Any CPU
		{6708B269-E948-429A-BCB3-99C46A336986}.Debug|Any CPU.ActiveCfg = Debug|Any CPU
		{6708B269-E948-429A-BCB3-99C46A336986}.Debug|Any CPU.Build.0 = Debug|Any CPU
		{6708B269-E948-429A-BCB3-99C46A336986}.Debug|Mixed Platforms.ActiveCfg = Debug|Any CPU
		{6708B269-E948-429A-BCB3-99C46A336986}.Debug|Mixed Platforms.Build.0 = Debug|Any CPU
		{6708B269-E948-429A-BCB3-99C46A336986}.Debug|x86.ActiveCfg = Debug|Any CPU
		{6708B269-E948-429A-BCB3-99C46A336986}.Release|Any CPU.ActiveCfg = Release|Any CPU
		{6708B269-E948-429A-BCB3-99C46A336986}.Release|Any CPU.Build.0 = Release|Any CPU
		{6708B269-E948-429A-BCB3-99C46A336986}.Release|Mixed Platforms.ActiveCfg = Release|Any CPU
		{6708B269-E948-429A-BCB3-99C46A336986}.Release|Mixed Platforms.Build.0 = Release|Any CPU
		{6708B269-E948-429A-BCB3-99C46A336986}.Release|x86.ActiveCfg = Release|Any CPU
		{BAB0EAAD-077C-450A-8638-9262286DD709}.Debug|Any CPU.ActiveCfg = Debug|Any CPU
		{BAB0EAAD-077C-450A-8638-9262286DD709}.Debug|Any CPU.Build.0 = Debug|Any CPU
		{BAB0EAAD-077C-450A-8638-9262286DD709}.Debug|Mixed Platforms.ActiveCfg = Debug|Any CPU
		{BAB0EAAD-077C-450A-8638-9262286DD709}.Debug|Mixed Platforms.Build.0 = Debug|Any CPU
		{BAB0EAAD-077C-450A-8638-9262286DD709}.Debug|x86.ActiveCfg = Debug|Any CPU
		{BAB0EAAD-077C-450A-8638-9262286DD709}.Release|Any CPU.ActiveCfg = Release|Any CPU
		{BAB0EAAD-077C-450A-8638-9262286DD709}.Release|Any CPU.Build.0 = Release|Any CPU
		{BAB0EAAD-077C-450A-8638-9262286DD709}.Release|Mixed Platforms.ActiveCfg = Release|Any CPU
		{BAB0EAAD-077C-450A-8638-9262286DD709}.Release|Mixed Platforms.Build.0 = Release|Any CPU
		{BAB0EAAD-077C-450A-8638-9262286DD709}.Release|x86.ActiveCfg = Release|Any CPU
		{2145348C-53BC-45E3-AD5F-F685E5F70101}.Debug|Any CPU.ActiveCfg = Debug|Any CPU
		{2145348C-53BC-45E3-AD5F-F685E5F70101}.Debug|Any CPU.Build.0 = Debug|Any CPU
		{2145348C-53BC-45E3-AD5F-F685E5F70101}.Debug|Mixed Platforms.ActiveCfg = Debug|Any CPU
		{2145348C-53BC-45E3-AD5F-F685E5F70101}.Debug|Mixed Platforms.Build.0 = Debug|Any CPU
		{2145348C-53BC-45E3-AD5F-F685E5F70101}.Debug|x86.ActiveCfg = Debug|Any CPU
		{2145348C-53BC-45E3-AD5F-F685E5F70101}.Release|Any CPU.ActiveCfg = Release|Any CPU
		{2145348C-53BC-45E3-AD5F-F685E5F70101}.Release|Any CPU.Build.0 = Release|Any CPU
		{2145348C-53BC-45E3-AD5F-F685E5F70101}.Release|Mixed Platforms.ActiveCfg = Release|Any CPU
		{2145348C-53BC-45E3-AD5F-F685E5F70101}.Release|Mixed Platforms.Build.0 = Release|Any CPU
		{2145348C-53BC-45E3-AD5F-F685E5F70101}.Release|x86.ActiveCfg = Release|Any CPU
	EndGlobalSection
	GlobalSection(SolutionProperties) = preSolution
		HideSolutionNode = FALSE
	EndGlobalSection
	GlobalSection(NestedProjects) = preSolution
		{EB247A14-FD07-4BDC-B852-3416E1A846CA} = {4DA97498-C71D-41DB-826C-5BD4DE337744}
		{3ED85F36-C8E0-4873-9759-003D0961C31E} = {4DA97498-C71D-41DB-826C-5BD4DE337744}
		{E74520E7-5097-4D37-BDEC-056DD138AB4E} = {4DA97498-C71D-41DB-826C-5BD4DE337744}
		{ACF6E858-E5DB-48DB-96A1-0DAFDA0A3260} = {4DA97498-C71D-41DB-826C-5BD4DE337744}
		{E57A6E20-EE5C-4DF9-B253-2B0AEF70EBD2} = {4DA97498-C71D-41DB-826C-5BD4DE337744}
		{BAB0EAAD-077C-450A-8638-9262286DD709} = {4DA97498-C71D-41DB-826C-5BD4DE337744}
		{CE62E177-0159-418B-A036-1DB12820AA5A} = {1EB54F1F-F113-416D-A6BC-12DC039905EB}
		{814F73D8-E7DC-4AD4-910D-DCAD51266B11} = {1EB54F1F-F113-416D-A6BC-12DC039905EB}
		{6DB05F54-52F3-4BB2-84EF-F8A1FDB5D0EB} = {1EB54F1F-F113-416D-A6BC-12DC039905EB}
		{77F2B417-7D03-4DA8-A010-8430281E29C6} = {1EB54F1F-F113-416D-A6BC-12DC039905EB}
		{BEEBDCB2-5929-4C8E-A861-F1A09F2E8FA2} = {56D03541-1996-416E-BD05-F316669473DC}
		{5EE13FF1-810F-43CA-98BC-AFA880388A43} = {56D03541-1996-416E-BD05-F316669473DC}
		{0EB669D6-85F0-4D2A-A4BE-CB62DF878791} = {56D03541-1996-416E-BD05-F316669473DC}
		{3C1BF755-3C2A-4016-ABA7-62F6DEA056F0} = {56D03541-1996-416E-BD05-F316669473DC}
		{02C3C616-4097-4999-926C-CA99DC6A6FF9} = {56D03541-1996-416E-BD05-F316669473DC}
		{2CF34984-C086-4EC0-9B8C-0EF24B64A2D2} = {56D03541-1996-416E-BD05-F316669473DC}
		{3A2F8B5E-E2CD-438D-9572-62E4BB747F42} = {56D03541-1996-416E-BD05-F316669473DC}
		{DAAAFFE0-C710-49FC-B315-E13089A327B7} = {56D03541-1996-416E-BD05-F316669473DC}
		{B346117C-6AEF-4574-8B0E-2BDC5C1CE116} = {56D03541-1996-416E-BD05-F316669473DC}
		{33362436-0628-4DEC-A423-614E825C9BAD} = {56D03541-1996-416E-BD05-F316669473DC}
		{4A94E353-75DD-46CC-B784-C49D42DCA73B} = {67AACDFD-F030-4202-A7E0-52A916AE2857}
		{56D03541-1996-416E-BD05-F316669473DC} = {67AACDFD-F030-4202-A7E0-52A916AE2857}
		{CB9773DC-212D-4E6F-BF91-48598BFC6DBF} = {2B466D5E-70A6-4174-9C68-500F774E3D40}
		{97354EFF-B1E2-4B43-B7A6-0F4462FDB5C2} = {2B466D5E-70A6-4174-9C68-500F774E3D40}
		{F3DD4DA4-5F72-43B2-999F-551B331BEFA9} = {CE62E177-0159-418B-A036-1DB12820AA5A}
		{41D01BFC-8D49-4BFA-827D-47BAAAA02C8D} = {CE62E177-0159-418B-A036-1DB12820AA5A}
		{998C0E5C-1B47-4FE8-8B47-F12DDF6D0EF1} = {CE62E177-0159-418B-A036-1DB12820AA5A}
		{B19B7914-588F-4498-87AD-8CD16EF5C070} = {CE62E177-0159-418B-A036-1DB12820AA5A}
		{6B8BE1B4-9B95-428A-A1B4-8C60F0C72F10} = {CE62E177-0159-418B-A036-1DB12820AA5A}
		{CBB22F91-6F8A-4409-A7AE-A5904FE45DC6} = {CE62E177-0159-418B-A036-1DB12820AA5A}
		{3A3A5E74-F7DA-405E-9963-45D15D8E54AE} = {814F73D8-E7DC-4AD4-910D-DCAD51266B11}
		{60CC596B-2FE1-4353-B198-DB9EC410A7A2} = {6DB05F54-52F3-4BB2-84EF-F8A1FDB5D0EB}
		{2590D346-2077-48BA-8AEA-93099A244209} = {ED77E619-71FC-4C96-8394-7FEDEFE9248F}
		{B0BEDD22-F96B-41D9-8A3B-68C44FAB906A} = {ED77E619-71FC-4C96-8394-7FEDEFE9248F}
		{0525B5B3-9F16-4D7D-8078-C5EDA78A80ED} = {ED77E619-71FC-4C96-8394-7FEDEFE9248F}
		{DC9CEC64-D542-4BCC-A82F-942C3523F6F8} = {ED77E619-71FC-4C96-8394-7FEDEFE9248F}
		{3CE97E00-470C-43DB-8489-FD89559268C9} = {2350EC3C-B366-4C0F-BCA9-DF9BC44BD571}
		{F5D7ED71-B73E-4A28-BA89-41F39C4259F4} = {2350EC3C-B366-4C0F-BCA9-DF9BC44BD571}
		{19A1EB56-7232-4930-9D62-85C49730FEC6} = {2350EC3C-B366-4C0F-BCA9-DF9BC44BD571}
		{2D1740AE-A004-4BF5-87A5-19BF2C1A0695} = {2350EC3C-B366-4C0F-BCA9-DF9BC44BD571}
		{E043E876-C12C-4D07-B4B4-556ECA577C14} = {2350EC3C-B366-4C0F-BCA9-DF9BC44BD571}
		{6708B269-E948-429A-BCB3-99C46A336986} = {2350EC3C-B366-4C0F-BCA9-DF9BC44BD571}
		{7E6CA603-37AD-48E7-A01C-B266BAB29BC1} = {77F2B417-7D03-4DA8-A010-8430281E29C6}
	EndGlobalSection
EndGlobal
