
Microsoft Visual Studio Solution File, Format Version 12.00
# Visual Studio 2012
Project("{00D1A9C2-B5F0-4AF3-8072-F6C62B433612}") = "02 Logic", "Logic\02 Logic.sqlproj", "{7DA235B8-9200-40EB-88AF-CF6B802D7683}"
EndProject
Project("{00D1A9C2-B5F0-4AF3-8072-F6C62B433612}") = "Reference Data", "Reference Data\Reference Data.sqlproj", "{AAF314AC-E612-4454-83B3-49B4E8769327}"
EndProject
Project("{00D1A9C2-B5F0-4AF3-8072-F6C62B433612}") = "01 Schema", "Schema\01 Schema.sqlproj", "{E3B4DE18-507C-4326-9C77-33DAF92B7572}"
EndProject
Project("{00D1A9C2-B5F0-4AF3-8072-F6C62B433612}") = "Unit Test", "Unit Test\Unit Test.sqlproj", "{E1EFF27D-593F-4007-9AA3-35701911FFED}"
EndProject
Global
	GlobalSection(SourceCodeControl) = preSolution
		SccNumberOfProjects = 5
		SccProjectName0 = SurroundSCMScci
		SccLocalPath0 = .
		SccProvider0 = MSSCCI:Surround\u0020SCM
		SccProjectUniqueName1 = Reference\u0020Data\\Reference\u0020Data.sqlproj
		SccLocalPath1 = .
		SccProjectFilePathRelativizedFromConnection1 = Reference\u0020Data\\
		SccProjectUniqueName2 = Unit\u0020Test\\Unit\u0020Test.sqlproj
		SccLocalPath2 = .
		SccProjectFilePathRelativizedFromConnection2 = Unit\u0020Test\\
		SccProjectUniqueName3 = Logic\\02\u0020Logic.sqlproj
		SccLocalPath3 = .
		SccProjectFilePathRelativizedFromConnection3 = Logic\\
		SccProjectUniqueName4 = Schema\\01\u0020Schema.sqlproj
		SccLocalPath4 = .
		SccProjectFilePathRelativizedFromConnection4 = Schema\\
	EndGlobalSection
	GlobalSection(SolutionConfigurationPlatforms) = preSolution
		Debug|Any CPU = Debug|Any CPU
		Release|Any CPU = Release|Any CPU
	EndGlobalSection
	GlobalSection(ProjectConfigurationPlatforms) = postSolution
		{7DA235B8-9200-40EB-88AF-CF6B802D7683}.Debug|Any CPU.ActiveCfg = Debug|Any CPU
		{7DA235B8-9200-40EB-88AF-CF6B802D7683}.Debug|Any CPU.Build.0 = Debug|Any CPU
		{7DA235B8-9200-40EB-88AF-CF6B802D7683}.Debug|Any CPU.Deploy.0 = Debug|Any CPU
		{7DA235B8-9200-40EB-88AF-CF6B802D7683}.Release|Any CPU.ActiveCfg = Release|Any CPU
		{7DA235B8-9200-40EB-88AF-CF6B802D7683}.Release|Any CPU.Build.0 = Release|Any CPU
		{7DA235B8-9200-40EB-88AF-CF6B802D7683}.Release|Any CPU.Deploy.0 = Release|Any CPU
		{AAF314AC-E612-4454-83B3-49B4E8769327}.Debug|Any CPU.ActiveCfg = Debug|Any CPU
		{AAF314AC-E612-4454-83B3-49B4E8769327}.Debug|Any CPU.Build.0 = Debug|Any CPU
		{AAF314AC-E612-4454-83B3-49B4E8769327}.Debug|Any CPU.Deploy.0 = Debug|Any CPU
		{AAF314AC-E612-4454-83B3-49B4E8769327}.Release|Any CPU.ActiveCfg = Release|Any CPU
		{AAF314AC-E612-4454-83B3-49B4E8769327}.Release|Any CPU.Build.0 = Release|Any CPU
		{AAF314AC-E612-4454-83B3-49B4E8769327}.Release|Any CPU.Deploy.0 = Release|Any CPU
		{E3B4DE18-507C-4326-9C77-33DAF92B7572}.Debug|Any CPU.ActiveCfg = Debug|Any CPU
		{E3B4DE18-507C-4326-9C77-33DAF92B7572}.Debug|Any CPU.Build.0 = Debug|Any CPU
		{E3B4DE18-507C-4326-9C77-33DAF92B7572}.Debug|Any CPU.Deploy.0 = Debug|Any CPU
		{E3B4DE18-507C-4326-9C77-33DAF92B7572}.Release|Any CPU.ActiveCfg = Release|Any CPU
		{E3B4DE18-507C-4326-9C77-33DAF92B7572}.Release|Any CPU.Build.0 = Release|Any CPU
		{E3B4DE18-507C-4326-9C77-33DAF92B7572}.Release|Any CPU.Deploy.0 = Release|Any CPU
		{E1EFF27D-593F-4007-9AA3-35701911FFED}.Debug|Any CPU.ActiveCfg = Debug|Any CPU
		{E1EFF27D-593F-4007-9AA3-35701911FFED}.Debug|Any CPU.Build.0 = Debug|Any CPU
		{E1EFF27D-593F-4007-9AA3-35701911FFED}.Debug|Any CPU.Deploy.0 = Debug|Any CPU
		{E1EFF27D-593F-4007-9AA3-35701911FFED}.Release|Any CPU.ActiveCfg = Release|Any CPU
		{E1EFF27D-593F-4007-9AA3-35701911FFED}.Release|Any CPU.Build.0 = Release|Any CPU
		{E1EFF27D-593F-4007-9AA3-35701911FFED}.Release|Any CPU.Deploy.0 = Release|Any CPU
	EndGlobalSection
	GlobalSection(SolutionProperties) = preSolution
		HideSolutionNode = FALSE
	EndGlobalSection
EndGlobal
